
Microsoft Visual Studio Solution File, Format Version 12.00
# Visual Studio 15
VisualStudioVersion = 15.0.27703.2035
MinimumVisualStudioVersion = 10.0.40219.1
Project("{FAE04EC0-301F-11D3-BF4B-00C04F79EFBC}") = "DdfGuide.Test", "DdfGuide.Test\DdfGuide.Test.csproj", "{D49687A0-24BC-4F19-9DEB-94A21DB5889B}"
EndProject
Project("{FAE04EC0-301F-11D3-BF4B-00C04F79EFBC}") = "DdfGuide.Android", "DdfGuide.Android\DdfGuide.Android.csproj", "{68D422E1-860D-4560-BFB5-9D5932834CFC}"
EndProject
Project("{9A19103F-16F7-4668-BE54-9A1E7A4F7556}") = "DdfGuide.Core", "DdfGuide.Core\DdfGuide.Core.csproj", "{F61E2089-3F33-4384-99AF-0C44B021B320}"
EndProject
Project("{FAE04EC0-301F-11D3-BF4B-00C04F79EFBC}") = "DdfGuide.Parser", "DdfGuide.Parser\DdfGuide.Parser.csproj", "{26F63D4F-4C95-48FA-B748-1B3692C06BA0}"
EndProject
Global
	GlobalSection(SolutionConfigurationPlatforms) = preSolution
		Debug|Any CPU = Debug|Any CPU
		Release|Any CPU = Release|Any CPU
	EndGlobalSection
	GlobalSection(ProjectConfigurationPlatforms) = postSolution
		{D49687A0-24BC-4F19-9DEB-94A21DB5889B}.Debug|Any CPU.ActiveCfg = Debug|Any CPU
		{D49687A0-24BC-4F19-9DEB-94A21DB5889B}.Debug|Any CPU.Build.0 = Debug|Any CPU
		{D49687A0-24BC-4F19-9DEB-94A21DB5889B}.Release|Any CPU.ActiveCfg = Release|Any CPU
		{D49687A0-24BC-4F19-9DEB-94A21DB5889B}.Release|Any CPU.Build.0 = Release|Any CPU
		{68D422E1-860D-4560-BFB5-9D5932834CFC}.Debug|Any CPU.ActiveCfg = Debug|Any CPU
		{68D422E1-860D-4560-BFB5-9D5932834CFC}.Debug|Any CPU.Build.0 = Debug|Any CPU
		{68D422E1-860D-4560-BFB5-9D5932834CFC}.Debug|Any CPU.Deploy.0 = Debug|Any CPU
		{68D422E1-860D-4560-BFB5-9D5932834CFC}.Release|Any CPU.ActiveCfg = Release|Any CPU
		{68D422E1-860D-4560-BFB5-9D5932834CFC}.Release|Any CPU.Build.0 = Release|Any CPU
		{68D422E1-860D-4560-BFB5-9D5932834CFC}.Release|Any CPU.Deploy.0 = Release|Any CPU
		{F61E2089-3F33-4384-99AF-0C44B021B320}.Debug|Any CPU.ActiveCfg = Debug|Any CPU
		{F61E2089-3F33-4384-99AF-0C44B021B320}.Debug|Any CPU.Build.0 = Debug|Any CPU
		{F61E2089-3F33-4384-99AF-0C44B021B320}.Release|Any CPU.ActiveCfg = Release|Any CPU
		{F61E2089-3F33-4384-99AF-0C44B021B320}.Release|Any CPU.Build.0 = Release|Any CPU
		{26F63D4F-4C95-48FA-B748-1B3692C06BA0}.Debug|Any CPU.ActiveCfg = Debug|Any CPU
		{26F63D4F-4C95-48FA-B748-1B3692C06BA0}.Debug|Any CPU.Build.0 = Debug|Any CPU
		{26F63D4F-4C95-48FA-B748-1B3692C06BA0}.Release|Any CPU.ActiveCfg = Release|Any CPU
		{26F63D4F-4C95-48FA-B748-1B3692C06BA0}.Release|Any CPU.Build.0 = Release|Any CPU
	EndGlobalSection
	GlobalSection(SolutionProperties) = preSolution
		HideSolutionNode = FALSE
	EndGlobalSection
	GlobalSection(ExtensibilityGlobals) = postSolution
		SolutionGuid = {E280FA0E-4AC6-45A8-ACD8-71EC8EEB24EB}
	EndGlobalSection
EndGlobal
